
Microsoft Visual Studio Solution File, Format Version 12.00
# Visual Studio Version 17
VisualStudioVersion = 17.0.32112.339
MinimumVisualStudioVersion = 10.0.40219.1
Project("{9092AA53-FB77-4645-B42D-1CCCA6BD08BD}") = "demotest", "demotest.njsproj", "{31696955-88A8-4ADB-937E-9AD4316CFE7F}"
EndProject
Project("{2150E333-8FDC-42A3-9474-1A3956D46DE8}") = "Solution Items", "Solution Items", "{6798BCEE-51E4-4863-BD25-356BD426ABE4}"
EndProject
Global
	GlobalSection(SolutionConfigurationPlatforms) = preSolution
		Debug|Any CPU = Debug|Any CPU
		Release|Any CPU = Release|Any CPU
	EndGlobalSection
	GlobalSection(ProjectConfigurationPlatforms) = postSolution
		{31696955-88A8-4ADB-937E-9AD4316CFE7F}.Debug|Any CPU.ActiveCfg = Debug|Any CPU
		{31696955-88A8-4ADB-937E-9AD4316CFE7F}.Debug|Any CPU.Build.0 = Debug|Any CPU
		{31696955-88A8-4ADB-937E-9AD4316CFE7F}.Release|Any CPU.ActiveCfg = Release|Any CPU
		{31696955-88A8-4ADB-937E-9AD4316CFE7F}.Release|Any CPU.Build.0 = Release|Any CPU
	EndGlobalSection
	GlobalSection(SolutionProperties) = preSolution
		HideSolutionNode = FALSE
	EndGlobalSection
	GlobalSection(ExtensibilityGlobals) = postSolution
		SolutionGuid = {63CE9B91-CF1A-42CB-AFFD-0D86FB30A52A}
	EndGlobalSection
EndGlobal
